
Microsoft Visual Studio Solution File, Format Version 12.00
# Visual Studio Version 17
VisualStudioVersion = 17.12.35527.113
MinimumVisualStudioVersion = 10.0.40219.1
Project("{FAE04EC0-301F-11D3-BF4B-00C04F79EFBC}") = "C4WX1.API", "src\C4WX1.API\C4WX1.API.csproj", "{CD537356-5F65-40E5-A680-8F97845B7326}"
EndProject
Project("{FAE04EC0-301F-11D3-BF4B-00C04F79EFBC}") = "C4WX1.Database", "src\C4WX1.Database\C4WX1.Database.csproj", "{5F6D34AE-AA75-4A6E-9BB5-23C6359C2B59}"
EndProject
Project("{2150E333-8FDC-42A3-9474-1A3956D46DE8}") = "src", "src", "{5684D130-6A2F-4D48-A946-FDD951DD8026}"
EndProject
Project("{2150E333-8FDC-42A3-9474-1A3956D46DE8}") = "tests", "tests", "{6062F624-274A-47AA-8418-5B46CBCB08EE}"
EndProject
Project("{FAE04EC0-301F-11D3-BF4B-00C04F79EFBC}") = "C4WX1.Tests", "tests\C4WX1.Tests\C4WX1.Tests.csproj", "{D0F7EE77-68F0-4286-85E4-A90869DBE736}"
EndProject
Project("{FAE04EC0-301F-11D3-BF4B-00C04F79EFBC}") = "C4WX1.DbMigrator", "src\C4WX1.DbMigrator\C4WX1.DbMigrator.csproj", "{DBE00D63-BAA0-4A1A-9A8F-2052CDED34B1}"
EndProject
Global
	GlobalSection(SolutionConfigurationPlatforms) = preSolution
		Debug|Any CPU = Debug|Any CPU
		Release|Any CPU = Release|Any CPU
	EndGlobalSection
	GlobalSection(ProjectConfigurationPlatforms) = postSolution
		{CD537356-5F65-40E5-A680-8F97845B7326}.Debug|Any CPU.ActiveCfg = Debug|Any CPU
		{CD537356-5F65-40E5-A680-8F97845B7326}.Debug|Any CPU.Build.0 = Debug|Any CPU
		{CD537356-5F65-40E5-A680-8F97845B7326}.Release|Any CPU.ActiveCfg = Release|Any CPU
		{CD537356-5F65-40E5-A680-8F97845B7326}.Release|Any CPU.Build.0 = Release|Any CPU
		{5F6D34AE-AA75-4A6E-9BB5-23C6359C2B59}.Debug|Any CPU.ActiveCfg = Debug|Any CPU
		{5F6D34AE-AA75-4A6E-9BB5-23C6359C2B59}.Debug|Any CPU.Build.0 = Debug|Any CPU
		{5F6D34AE-AA75-4A6E-9BB5-23C6359C2B59}.Release|Any CPU.ActiveCfg = Release|Any CPU
		{5F6D34AE-AA75-4A6E-9BB5-23C6359C2B59}.Release|Any CPU.Build.0 = Release|Any CPU
		{D0F7EE77-68F0-4286-85E4-A90869DBE736}.Debug|Any CPU.ActiveCfg = Debug|Any CPU
		{D0F7EE77-68F0-4286-85E4-A90869DBE736}.Debug|Any CPU.Build.0 = Debug|Any CPU
		{D0F7EE77-68F0-4286-85E4-A90869DBE736}.Release|Any CPU.ActiveCfg = Release|Any CPU
		{D0F7EE77-68F0-4286-85E4-A90869DBE736}.Release|Any CPU.Build.0 = Release|Any CPU
		{DBE00D63-BAA0-4A1A-9A8F-2052CDED34B1}.Debug|Any CPU.ActiveCfg = Debug|Any CPU
		{DBE00D63-BAA0-4A1A-9A8F-2052CDED34B1}.Debug|Any CPU.Build.0 = Debug|Any CPU
		{DBE00D63-BAA0-4A1A-9A8F-2052CDED34B1}.Release|Any CPU.ActiveCfg = Release|Any CPU
		{DBE00D63-BAA0-4A1A-9A8F-2052CDED34B1}.Release|Any CPU.Build.0 = Release|Any CPU
	EndGlobalSection
	GlobalSection(SolutionProperties) = preSolution
		HideSolutionNode = FALSE
	EndGlobalSection
	GlobalSection(NestedProjects) = preSolution
		{CD537356-5F65-40E5-A680-8F97845B7326} = {5684D130-6A2F-4D48-A946-FDD951DD8026}
		{5F6D34AE-AA75-4A6E-9BB5-23C6359C2B59} = {5684D130-6A2F-4D48-A946-FDD951DD8026}
		{D0F7EE77-68F0-4286-85E4-A90869DBE736} = {6062F624-274A-47AA-8418-5B46CBCB08EE}
		{DBE00D63-BAA0-4A1A-9A8F-2052CDED34B1} = {5684D130-6A2F-4D48-A946-FDD951DD8026}
	EndGlobalSection
EndGlobal
